{
    "_meta": {
        "hash": {
            "sha256": "d85d2ccfa5df0f828e7ff59209c34c85a8099416a75d4ca30cc503fad83bfd99"
        },
        "pipfile-spec": 6,
        "requires": {
            "python_version": "3.10"
        },
        "sources": [
            {
                "name": "pypi",
                "url": "https://pypi.org/simple",
                "verify_ssl": true
            }
        ]
    },
    "default": {
        "annotated-types": {
            "hashes": [
                "sha256:1f02e8b43a8fbbc3f3e0d4f0f4bfc8131bcb4eebe8849b8e5c773f3a1c582a53",
                "sha256:aff07c09a53a08bc8cfccb9c85b05f1aa9a2a6f23728d790723543408344ce89"
            ],
            "markers": "python_version >= '3.8'",
            "version": "==0.7.0"
        },
        "dnspython": {
            "hashes": [
                "sha256:5ef3b9680161f6fa89daf8ad451b5f1a33b18ae8a1c6778cdf4b43f08c0a6e50",
                "sha256:e8f0f9c23a7b7cb99ded64e6c3a6f3e701d78f50c55e002b839dea7225cff7cc"
            ],
            "markers": "python_version >= '3.8'",
            "version": "==2.6.1"
        },
        "motor": {
            "hashes": [
                "sha256:2b38e405e5a0c52d499edb8d23fa029debdf0158da092c21b44d92cac7f59942",
                "sha256:e8f1d7a3370e8dd30eb4c68aaaee46dc608fbac70a757e58f3e828124f5e7693"
            ],
            "markers": "python_version >= '3.8'",
            "version": "==3.5.0"
        },
        "odmantic": {
            "hashes": [
                "sha256:0475c763687624b70ba4d52266a7d0bdfb74dda7ec40162669334e9d41c06049",
                "sha256:bbd0d46bc920e0e6d966d9f3add7396bc92377d2c73860d071d5ca8102f57235"
            ],
            "index": "pypi",
            "markers": "python_version >= '3.8'",
            "version": "==1.0.2"
        },
        "pydantic": {
            "hashes": [
                "sha256:d970ffb9d030b710795878940bd0489842c638e7252fc4a19c3ae2f7da4d6141",
                "sha256:ead4f3a1e92386a734ca1411cb25d94147cf8778ed5be6b56749047676d6364e"
            ],
            "markers": "python_version >= '3.8'",
            "version": "==2.8.0"
        },
        "pydantic-core": {
            "hashes": [
                "sha256:03aceaf6a5adaad3bec2233edc5a7905026553916615888e53154807e404545c",
                "sha256:05e83ce2f7eba29e627dd8066aa6c4c0269b2d4f889c0eba157233a353053cea",
                "sha256:0b0eefc7633a04c0694340aad91fbfd1986fe1a1e0c63a22793ba40a18fcbdc8",
                "sha256:0e75794883d635071cf6b4ed2a5d7a1e50672ab7a051454c76446ef1ebcdcc91",
                "sha256:0f6dd3612a3b9f91f2e63924ea18a4476656c6d01843ca20a4c09e00422195af",
                "sha256:116b326ac82c8b315e7348390f6d30bcfe6e688a7d3f1de50ff7bcc2042a23c2",
                "sha256:16197e6f4fdecb9892ed2436e507e44f0a1aa2cff3b9306d1c879ea2f9200997",
                "sha256:1c3c5b7f70dd19a6845292b0775295ea81c61540f68671ae06bfe4421b3222c2",
                "sha256:1dacf660d6de692fe351e8c806e7efccf09ee5184865893afbe8e59be4920b4a",
                "sha256:1def125d59a87fe451212a72ab9ed34c118ff771e5473fef4f2f95d8ede26d75",
                "sha256:1e4f46189d8740561b43655263a41aac75ff0388febcb2c9ec4f1b60a0ec12f3",
                "sha256:1f038156b696a1c39d763b2080aeefa87ddb4162c10aa9fabfefffc3dd8180fa",
                "sha256:21d9f7e24f63fdc7118e6cc49defaab8c1d27570782f7e5256169d77498cf7c7",
                "sha256:22b813baf0dbf612752d8143a2dbf8e33ccb850656b7850e009bad2e101fc377",
                "sha256:22e3b1d4b1b3f6082849f9b28427ef147a5b46a6132a3dbaf9ca1baa40c88609",
                "sha256:23425eccef8f2c342f78d3a238c824623836c6c874d93c726673dbf7e56c78c0",
                "sha256:25c46bb2ff6084859bbcfdf4f1a63004b98e88b6d04053e8bf324e115398e9e7",
                "sha256:2761f71faed820e25ec62eacba670d1b5c2709bb131a19fcdbfbb09884593e5a",
                "sha256:2aec8eeea0b08fd6bc2213d8e86811a07491849fd3d79955b62d83e32fa2ad5f",
                "sha256:2d06a7fa437f93782e3f32d739c3ec189f82fca74336c08255f9e20cea1ed378",
                "sha256:316fe7c3fec017affd916a0c83d6f1ec697cbbbdf1124769fa73328e7907cc2e",
                "sha256:344e352c96e53b4f56b53d24728217c69399b8129c16789f70236083c6ceb2ac",
                "sha256:35681445dc85446fb105943d81ae7569aa7e89de80d1ca4ac3229e05c311bdb1",
                "sha256:366be8e64e0cb63d87cf79b4e1765c0703dd6313c729b22e7b9e378db6b96877",
                "sha256:3a7235b46c1bbe201f09b6f0f5e6c36b16bad3d0532a10493742f91fbdc8035f",
                "sha256:3c05eaf6c863781eb834ab41f5963604ab92855822a2062897958089d1335dad",
                "sha256:3e147fc6e27b9a487320d78515c5f29798b539179f7777018cedf51b7749e4f4",
                "sha256:3f0f3a4a23717280a5ee3ac4fb1f81d6fde604c9ec5100f7f6f987716bb8c137",
                "sha256:5084ec9721f82bef5ff7c4d1ee65e1626783abb585f8c0993833490b63fe1792",
                "sha256:52527e8f223ba29608d999d65b204676398009725007c9336651c2ec2d93cffc",
                "sha256:53b06aea7a48919a254b32107647be9128c066aaa6ee6d5d08222325f25ef175",
                "sha256:58e251bb5a5998f7226dc90b0b753eeffa720bd66664eba51927c2a7a2d5f32c",
                "sha256:603a843fea76a595c8f661cd4da4d2281dff1e38c4a836a928eac1a2f8fe88e4",
                "sha256:616b9c2f882393d422ba11b40e72382fe975e806ad693095e9a3b67c59ea6150",
                "sha256:649a764d9b0da29816889424697b2a3746963ad36d3e0968784ceed6e40c6355",
                "sha256:658287a29351166510ebbe0a75c373600cc4367a3d9337b964dada8d38bcc0f4",
                "sha256:6d0f52684868db7c218437d260e14d37948b094493f2646f22d3dda7229bbe3f",
                "sha256:6dc85b9e10cc21d9c1055f15684f76fa4facadddcb6cd63abab702eb93c98943",
                "sha256:72432fd6e868c8d0a6849869e004b8bcae233a3c56383954c228316694920b38",
                "sha256:73deadd6fd8a23e2f40b412b3ac617a112143c8989a4fe265050fd91ba5c0608",
                "sha256:763602504bf640b3ded3bba3f8ed8a1cc2fc6a87b8d55c1c5689f428c49c947e",
                "sha256:7701df088d0b05f3460f7ba15aec81ac8b0fb5690367dfd072a6c38cf5b7fdb5",
                "sha256:78d584caac52c24240ef9ecd75de64c760bbd0e20dbf6973631815e3ef16ef8b",
                "sha256:7a3639011c2e8a9628466f616ed7fb413f30032b891898e10895a0a8b5857d6c",
                "sha256:7b6a24d7b5893392f2b8e3b7a0031ae3b14c6c1942a4615f0d8794fdeeefb08b",
                "sha256:7d4df13d1c55e84351fab51383520b84f490740a9f1fec905362aa64590b7a5d",
                "sha256:7e37b6bb6e90c2b8412b06373c6978d9d81e7199a40e24a6ef480e8acdeaf918",
                "sha256:8093473d7b9e908af1cef30025609afc8f5fd2a16ff07f97440fd911421e4432",
                "sha256:840200827984f1c4e114008abc2f5ede362d6e11ed0b5931681884dd41852ff1",
                "sha256:85770b4b37bb36ef93a6122601795231225641003e0318d23c6233c59b424279",
                "sha256:879ae6bb08a063b3e1b7ac8c860096d8fd6b48dd9b2690b7f2738b8c835e744b",
                "sha256:87d3df115f4a3c8c5e4d5acf067d399c6466d7e604fc9ee9acbe6f0c88a0c3cf",
                "sha256:8b315685832ab9287e6124b5d74fc12dda31e6421d7f6b08525791452844bc2d",
                "sha256:8e49524917b8d3c2f42cd0d2df61178e08e50f5f029f9af1f402b3ee64574392",
                "sha256:978d4123ad1e605daf1ba5e01d4f235bcf7b6e340ef07e7122e8e9cfe3eb61ab",
                "sha256:a0586cddbf4380e24569b8a05f234e7305717cc8323f50114dfb2051fcbce2a3",
                "sha256:a272785a226869416c6b3c1b7e450506152d3844207331f02f27173562c917e0",
                "sha256:a340d2bdebe819d08f605e9705ed551c3feb97e4fd71822d7147c1e4bdbb9508",
                "sha256:a3f243f318bd9523277fa123b3163f4c005a3e8619d4b867064de02f287a564d",
                "sha256:a4f0f71653b1c1bad0350bc0b4cc057ab87b438ff18fa6392533811ebd01439c",
                "sha256:ab760f17c3e792225cdaef31ca23c0aea45c14ce80d8eff62503f86a5ab76bff",
                "sha256:ac76f30d5d3454f4c28826d891fe74d25121a346c69523c9810ebba43f3b1cec",
                "sha256:ad1bd2f377f56fec11d5cfd0977c30061cd19f4fa199bf138b200ec0d5e27eeb",
                "sha256:b2ba34a099576234671f2e4274e5bc6813b22e28778c216d680eabd0db3f7dad",
                "sha256:b2f13c3e955a087c3ec86f97661d9f72a76e221281b2262956af381224cfc243",
                "sha256:b34480fd6778ab356abf1e9086a4ced95002a1e195e8d2fd182b0def9d944d11",
                "sha256:b4a085bd04af7245e140d1b95619fe8abb445a3d7fdf219b3f80c940853268ef",
                "sha256:b81ec2efc04fc1dbf400647d4357d64fb25543bae38d2d19787d69360aad21c9",
                "sha256:b8c46a8cf53e849eea7090f331ae2202cd0f1ceb090b00f5902c423bd1e11805",
                "sha256:bc7e43b4a528ffca8c9151b6a2ca34482c2fdc05e6aa24a84b7f475c896fc51d",
                "sha256:c3dc8ec8b87c7ad534c75b8855168a08a7036fdb9deeeed5705ba9410721c84d",
                "sha256:c4a9732a5cad764ba37f3aa873dccb41b584f69c347a57323eda0930deec8e10",
                "sha256:c867230d715a3dd1d962c8d9bef0d3168994ed663e21bf748b6e3a529a129aab",
                "sha256:cafde15a6f7feaec2f570646e2ffc5b73412295d29134a29067e70740ec6ee20",
                "sha256:cb1ad5b4d73cde784cf64580166568074f5ccd2548d765e690546cff3d80937d",
                "sha256:d08264b4460326cefacc179fc1411304d5af388a79910832835e6f641512358b",
                "sha256:d42669d319db366cb567c3b444f43caa7ffb779bf9530692c6f244fc635a41eb",
                "sha256:d43e7ab3b65e4dc35a7612cfff7b0fd62dce5bc11a7cd198310b57f39847fd6c",
                "sha256:d5b8376a867047bf08910573deb95d3c8dfb976eb014ee24f3b5a61ccc5bee1b",
                "sha256:d6f2d8b8da1f03f577243b07bbdd3412eee3d37d1f2fd71d1513cbc76a8c1239",
                "sha256:d6f8c49657f3eb7720ed4c9b26624063da14937fc94d1812f1e04a2204db3e17",
                "sha256:d70a8ff2d4953afb4cbe6211f17268ad29c0b47e73d3372f40e7775904bc28fc",
                "sha256:d82e5ed3a05f2dcb89c6ead2fd0dbff7ac09bc02c1b4028ece2d3a3854d049ce",
                "sha256:e9dcd7fb34f7bfb239b5fa420033642fff0ad676b765559c3737b91f664d4fa9",
                "sha256:ed741183719a5271f97d93bbcc45ed64619fa38068aaa6e90027d1d17e30dc8d",
                "sha256:ee7785938e407418795e4399b2bf5b5f3cf6cf728077a7f26973220d58d885cf",
                "sha256:efbb412d55a4ffe73963fed95c09ccb83647ec63b711c4b3752be10a56f0090b",
                "sha256:f8ea1d8b7df522e5ced34993c423c3bf3735c53df8b2a15688a2f03a7d678800"
            ],
            "markers": "python_version >= '3.8'",
            "version": "==2.20.0"
        },
        "pymongo": {
            "hashes": [
                "sha256:0fc18b3a093f3db008c5fea0e980dbd3b743449eee29b5718bc2dc15ab5088bb",
                "sha256:16e5019f75f6827bb5354b6fef8dfc9d6c7446894a27346e03134d290eb9e758",
                "sha256:180d5eb1dc28b62853e2f88017775c4500b07548ed28c0bd9c005c3d7bc52526",
                "sha256:18c9d8f975dd7194c37193583fd7d1eb9aea0c21ee58955ecf35362239ff31ac",
                "sha256:236bbd7d0aef62e64caf4b24ca200f8c8670d1a6f5ea828c39eccdae423bc2b2",
                "sha256:284d0717d1a7707744018b0b6ee7801b1b1ff044c42f7be7a01bb013de639470",
                "sha256:2ecd71b9226bd1d49416dc9f999772038e56f415a713be51bf18d8676a0841c8",
                "sha256:31e4d21201bdf15064cf47ce7b74722d3e1aea2597c6785882244a3bb58c7eab",
                "sha256:3b5802151fc2b51cd45492c80ed22b441d20090fb76d1fd53cd7760b340ff554",
                "sha256:3c68fe128a171493018ca5c8020fc08675be130d012b7ab3efe9e22698c612a1",
                "sha256:3ed1c316718a2836f7efc3d75b4b0ffdd47894090bc697de8385acd13c513a70",
                "sha256:408b2f8fdbeca3c19e4156f28fff1ab11c3efb0407b60687162d49f68075e63c",
                "sha256:417369ce39af2b7c2a9c7152c1ed2393edfd1cbaf2a356ba31eb8bcbd5c98dd7",
                "sha256:454f2295875744dc70f1881e4b2eb99cdad008a33574bc8aaf120530f66c0cde",
                "sha256:47ec8c3f0a7b2212dbc9be08d3bf17bc89abd211901093e3ef3f2adea7de7a69",
                "sha256:4bf58e6825b93da63e499d1a58de7de563c31e575908d4e24876234ccb910eba",
                "sha256:519d1bab2b5e5218c64340b57d555d89c3f6c9d717cecbf826fb9d42415e7750",
                "sha256:52b4108ac9469febba18cea50db972605cc43978bedaa9fea413378877560ef8",
                "sha256:658d0170f27984e0d89c09fe5c42296613b711a3ffd847eb373b0dbb5b648d5f",
                "sha256:6b50040d9767197b77ed420ada29b3bf18a638f9552d80f2da817b7c4a4c9c68",
                "sha256:7148419eedfea9ecb940961cfe465efaba90595568a1fb97585fb535ea63fe2b",
                "sha256:77f53429515d2b3e86dcc83dadecf7ff881e538c168d575f3688698a8707b80a",
                "sha256:87075a1feb1e602e539bdb1ef8f4324a3427eb0d64208c3182e677d2c0718b6f",
                "sha256:8b18c8324809539c79bd6544d00e0607e98ff833ca21953df001510ca25915d1",
                "sha256:9097c331577cecf8034422956daaba7ec74c26f7b255d718c584faddd7fa2e3c",
                "sha256:920d4f8f157a71b3cb3f39bc09ce070693d6e9648fb0e30d00e2657d1dca4e49",
                "sha256:9365166aa801c63dff1a3cb96e650be270da06e3464ab106727223123405510f",
                "sha256:940d456774b17814bac5ea7fc28188c7a1338d4a233efbb6ba01de957bded2e8",
                "sha256:aec2b9088cdbceb87e6ca9c639d0ff9b9d083594dda5ca5d3c4f6774f4c81b33",
                "sha256:af3e98dd9702b73e4e6fd780f6925352237f5dce8d99405ff1543f3771201704",
                "sha256:b6564780cafd6abeea49759fe661792bd5a67e4f51bca62b88faab497ab5fe89",
                "sha256:b747c0e257b9d3e6495a018309b9e0c93b7f0d65271d1d62e572747f4ffafc88",
                "sha256:bf821bd3befb993a6db17229a2c60c1550e957de02a6ff4dd0af9476637b2e4d",
                "sha256:c6b804bb4f2d9dc389cc9e827d579fa327272cdb0629a99bfe5b83cb3e269ebf",
                "sha256:cc8b8582f4209c2459b04b049ac03c72c618e011d3caa5391ff86d1bda0cc486",
                "sha256:cd39455b7ee70aabee46f7399b32ab38b86b236c069ae559e22be6b46b2bbfc4",
                "sha256:d0cf61450feadca81deb1a1489cb1a3ae1e4266efd51adafecec0e503a8dcd84",
                "sha256:d18d86bc9e103f4d3d4f18b85a0471c0e13ce5b79194e4a0389a224bb70edd53",
                "sha256:d5428dbcd43d02f6306e1c3c95f692f68b284e6ee5390292242f509004c9e3a8",
                "sha256:de3a860f037bb51f968de320baef85090ff0bbb42ec4f28ec6a5ddf88be61871",
                "sha256:e0061af6e8c5e68b13f1ec9ad5251247726653c5af3c0bbdfbca6cf931e99216",
                "sha256:e5df28f74002e37bcbdfdc5109799f670e4dfef0fb527c391ff84f078050e7b5",
                "sha256:e6a720a3d22b54183352dc65f08cd1547204d263e0651b213a0a2e577e838526",
                "sha256:e8400587d594761e5136a3423111f499574be5fd53cf0aefa0d0f05b180710b0",
                "sha256:e84bc7707492f06fbc37a9f215374d2977d21b72e10a67f1b31893ec5a140ad8",
                "sha256:ef7225755ed27bfdb18730c68f6cb023d06c28f2b734597480fb4c0e500feb6f",
                "sha256:f2b7bec27e047e84947fbd41c782f07c54c30c76d14f3b8bf0c89f7413fac67a",
                "sha256:f2fbdb87fe5075c8beb17a5c16348a1ea3c8b282a5cb72d173330be2fecf22f5",
                "sha256:f5bf0eb8b6ef40fa22479f09375468c33bebb7fe49d14d9c96c8fd50355188b0",
                "sha256:fdc20cd1e1141b04696ffcdb7c71e8a4a665db31fe72e51ec706b3bdd2d09f36"
            ],
            "markers": "python_version >= '3.8'",
            "version": "==4.8.0"
        },
        "typing-extensions": {
            "hashes": [
                "sha256:04e5ca0351e0f3f85c6853954072df659d0d13fac324d0072316b67d7794700d",
                "sha256:1a7ead55c7e559dd4dee8856e3a88b41225abfe1ce8df57b7c13915fe121ffb8"
            ],
            "markers": "python_version < '3.11'",
            "version": "==4.12.2"
        }
    },
    "develop": {}
}
